Microsoft Visual Studio Solution File, Format Version 12.00
# Visual Studio Version 17
VisualStudioVersion = 17.5.2.0
MinimumVisualStudioVersion = 10.0.40219.1

Project("{2150E333-8FDC-42A3-9474-1A3956D46DE8}") = "Backend", "Backend", "{1AE8ACA6-933B-BF2A-3671-3E2EAC007D16}"
EndProject

Project("{FAE04EC0-301F-11D3-BF4B-00C04F79EFBC}") = "WebAPI", "Backend\WebAPI\WebAPI.csproj", "{FF832594-E403-2B1F-49E8-55A6A5C58268}"
EndProject

Project("{FAE04EC0-301F-11D3-BF4B-00C04F79EFBC}") = "Application", "Backend\Application\Application.csproj", "{A6C8F115-D575-4D69-9A0F-4015A6D8D29B}"
EndProject

Global
    GlobalSection(SolutionConfigurationPlatforms) = preSolution
        Debug|Any CPU = Debug|Any CPU
        Release|Any CPU = Release|Any CPU
    EndGlobalSection

    GlobalSection(ProjectConfigurationPlatforms) = postSolution
        {FF832594-E403-2B1F-49E8-55A6A5C58268}.Debug|Any CPU.ActiveCfg = Debug|Any CPU
        {FF832594-E403-2B1F-49E8-55A6A5C58268}.Debug|Any CPU.Build.0 = Debug|Any CPU
        {FF832594-E403-2B1F-49E8-55A6A5C58268}.Release|Any CPU.ActiveCfg = Release|Any CPU
        {FF832594-E403-2B1F-49E8-55A6A5C58268}.Release|Any CPU.Build.0 = Release|Any CPU
    EndGlobalSection

    GlobalSection(SolutionProperties) = preSolution
        HideSolutionNode = FALSE
    EndGlobalSection

    GlobalSection(NestedProjects) = preSolution
        {FF832594-E403-2B1F-49E8-55A6A5C58268} = {1AE8ACA6-933B-BF2A-3671-3E2EAC007D16}
        {A6C8F115-D575-4D69-9A0F-4015A6D8D29B} = {FF832594-E403-2B1F-49E8-55A6A5C58268}
    EndGlobalSection

    GlobalSection(ExtensibilityGlobals) = postSolution
        SolutionGuid = {FC2459C6-A045-449C-A09F-0084E1A60AD7}
    EndGlobalSection
EndGlobal